
Microsoft Visual Studio Solution File, Format Version 12.00
# Visual Studio 2012
Project("{FAE04EC0-301F-11D3-BF4B-00C04F79EFBC}") = "web", "web\web.csproj", "{950E9ADE-5E3C-44F4-9AC9-AC127781A67B}"
EndProject
Project("{FAE04EC0-301F-11D3-BF4B-00C04F79EFBC}") = "Model", "Model\Model.csproj", "{13432C0C-3926-4177-A0F2-7870439A6785}"
EndProject
Project("{FAE04EC0-301F-11D3-BF4B-00C04F79EFBC}") = "DAL", "DAL\DAL.csproj", "{A24EF15E-7D86-4407-9BA5-E2F10E18D7D9}"
EndProject
Project("{FAE04EC0-301F-11D3-BF4B-00C04F79EFBC}") = "BLL", "BLL\BLL.csproj", "{62274A9B-F755-4127-B89A-AD7CE3CB9888}"
EndProject
Project("{FAE04EC0-301F-11D3-BF4B-00C04F79EFBC}") = "Tools", "Tools\Tools.csproj", "{69AAC484-B608-47EB-8688-CE0321FD69D9}"
EndProject
Global
	GlobalSection(SolutionConfigurationPlatforms) = preSolution
		Debug|Any CPU = Debug|Any CPU
		Release|Any CPU = Release|Any CPU
	EndGlobalSection
	GlobalSection(ProjectConfigurationPlatforms) = postSolution
		{950E9ADE-5E3C-44F4-9AC9-AC127781A67B}.Debug|Any CPU.ActiveCfg = Debug|Any CPU
		{950E9ADE-5E3C-44F4-9AC9-AC127781A67B}.Debug|Any CPU.Build.0 = Debug|Any CPU
		{950E9ADE-5E3C-44F4-9AC9-AC127781A67B}.Release|Any CPU.ActiveCfg = Release|Any CPU
		{950E9ADE-5E3C-44F4-9AC9-AC127781A67B}.Release|Any CPU.Build.0 = Release|Any CPU
		{13432C0C-3926-4177-A0F2-7870439A6785}.Debug|Any CPU.ActiveCfg = Debug|Any CPU
		{13432C0C-3926-4177-A0F2-7870439A6785}.Debug|Any CPU.Build.0 = Debug|Any CPU
		{13432C0C-3926-4177-A0F2-7870439A6785}.Release|Any CPU.ActiveCfg = Release|Any CPU
		{13432C0C-3926-4177-A0F2-7870439A6785}.Release|Any CPU.Build.0 = Release|Any CPU
		{A24EF15E-7D86-4407-9BA5-E2F10E18D7D9}.Debug|Any CPU.ActiveCfg = Debug|Any CPU
		{A24EF15E-7D86-4407-9BA5-E2F10E18D7D9}.Debug|Any CPU.Build.0 = Debug|Any CPU
		{A24EF15E-7D86-4407-9BA5-E2F10E18D7D9}.Release|Any CPU.ActiveCfg = Release|Any CPU
		{A24EF15E-7D86-4407-9BA5-E2F10E18D7D9}.Release|Any CPU.Build.0 = Release|Any CPU
		{62274A9B-F755-4127-B89A-AD7CE3CB9888}.Debug|Any CPU.ActiveCfg = Debug|Any CPU
		{62274A9B-F755-4127-B89A-AD7CE3CB9888}.Debug|Any CPU.Build.0 = Debug|Any CPU
		{62274A9B-F755-4127-B89A-AD7CE3CB9888}.Release|Any CPU.ActiveCfg = Release|Any CPU
		{62274A9B-F755-4127-B89A-AD7CE3CB9888}.Release|Any CPU.Build.0 = Release|Any CPU
		{69AAC484-B608-47EB-8688-CE0321FD69D9}.Debug|Any CPU.ActiveCfg = Debug|Any CPU
		{69AAC484-B608-47EB-8688-CE0321FD69D9}.Debug|Any CPU.Build.0 = Debug|Any CPU
		{69AAC484-B608-47EB-8688-CE0321FD69D9}.Release|Any CPU.ActiveCfg = Release|Any CPU
		{69AAC484-B608-47EB-8688-CE0321FD69D9}.Release|Any CPU.Build.0 = Release|Any CPU
	EndGlobalSection
	GlobalSection(SolutionProperties) = preSolution
		HideSolutionNode = FALSE
	EndGlobalSection
EndGlobal
